
Microsoft Visual Studio Solution File, Format Version 12.00
# Visual Studio Version 16
VisualStudioVersion = 16.0.30517.126
MinimumVisualStudioVersion = 10.0.40219.1
Project("{FAE04EC0-301F-11D3-BF4B-00C04F79EFBC}") = "WP_2020_01_HW01_3A713127", "WP_2020_01_HW01_3A713127\WP_2020_01_HW01_3A713127.csproj", "{3C5C94A4-E55B-4A81-929B-25A660E452C4}"
EndProject
Global
	GlobalSection(SolutionConfigurationPlatforms) = preSolution
		Debug|Any CPU = Debug|Any CPU
		Release|Any CPU = Release|Any CPU
	EndGlobalSection
	GlobalSection(ProjectConfigurationPlatforms) = postSolution
		{3C5C94A4-E55B-4A81-929B-25A660E452C4}.Debug|Any CPU.ActiveCfg = Debug|Any CPU
		{3C5C94A4-E55B-4A81-929B-25A660E452C4}.Debug|Any CPU.Build.0 = Debug|Any CPU
		{3C5C94A4-E55B-4A81-929B-25A660E452C4}.Release|Any CPU.ActiveCfg = Release|Any CPU
		{3C5C94A4-E55B-4A81-929B-25A660E452C4}.Release|Any CPU.Build.0 = Release|Any CPU
	EndGlobalSection
	GlobalSection(SolutionProperties) = preSolution
		HideSolutionNode = FALSE
	EndGlobalSection
	GlobalSection(ExtensibilityGlobals) = postSolution
		SolutionGuid = {6838E9AB-4C9F-4AF3-A014-9606988EB901}
	EndGlobalSection
EndGlobal
